
Microsoft Visual Studio Solution File, Format Version 12.00
# Visual Studio Version 16
VisualStudioVersion = 16.0.31105.61
MinimumVisualStudioVersion = 10.0.40219.1
Project("{FAE04EC0-301F-11D3-BF4B-00C04F79EFBC}") = "tiled2Asset", "tiled2Asset.csproj", "{B58E83E8-298E-455C-8E2C-091AB06BB52C}"
EndProject
Global
	GlobalSection(SolutionConfigurationPlatforms) = preSolution
		Debug|Any CPU = Debug|Any CPU
		Release|Any CPU = Release|Any CPU
	EndGlobalSection
	GlobalSection(ProjectConfigurationPlatforms) = postSolution
		{B58E83E8-298E-455C-8E2C-091AB06BB52C}.Debug|Any CPU.ActiveCfg = Debug|Any CPU
		{B58E83E8-298E-455C-8E2C-091AB06BB52C}.Debug|Any CPU.Build.0 = Debug|Any CPU
		{B58E83E8-298E-455C-8E2C-091AB06BB52C}.Release|Any CPU.ActiveCfg = Release|Any CPU
		{B58E83E8-298E-455C-8E2C-091AB06BB52C}.Release|Any CPU.Build.0 = Release|Any CPU
	EndGlobalSection
	GlobalSection(SolutionProperties) = preSolution
		HideSolutionNode = FALSE
	EndGlobalSection
	GlobalSection(ExtensibilityGlobals) = postSolution
		SolutionGuid = {62EA66B0-D3EB-41E7-A250-FAB7872C42FD}
	EndGlobalSection
EndGlobal
